version = 1
requires-python = ">=3.12"

[[package]]
name = "anonymizer"
version = "0.1.0"
source = { editable = "." }

[package.dev-dependencies]
dev = [
    { name = "coverage" },
]

[package.metadata]

[package.metadata.requires-dev]
dev = [{ name = "coverage", specifier = ">=7.6.2" }]

[[package]]
name = "coverage"
version = "7.6.2"
source = { registry = "https://pypi.org/simple" }
sdist = { url = "https://files.pythonhosted.org/packages/9a/60/e781e8302e7b28f21ce06e30af077f856aa2cb4cf2253287dae9a593d509/coverage-7.6.2.tar.gz", hash = "sha256:a5f81e68aa62bc0cfca04f7b19eaa8f9c826b53fc82ab9e2121976dc74f131f3", size = 797872 }
wheels = [
    { url = "https://files.pythonhosted.org/packages/3f/ac/1cca5ed5cf512a71cdd6e3afb75a5ef196f7ef9772be9192dadaaa5cfc1c/coverage-7.6.2-cp312-cp312-macosx_10_13_x86_64.whl", hash = "sha256:ebc94fadbd4a3f4215993326a6a00e47d79889391f5659bf310f55fe5d9f581c", size = 206856 },
    { url = "https://files.pythonhosted.org/packages/e4/58/030354d250f107a95e7aca24c7fd238709a3c7df3083cb206368798e637a/coverage-7.6.2-cp312-cp312-macosx_11_0_arm64.whl", hash = "sha256:9681516288e3dcf0aa7c26231178cc0be6cac9705cac06709f2353c5b406cfea", size = 207098 },
    { url = "https://files.pythonhosted.org/packages/03/df/5f2cd6048d44a54bb5f58f8ece4efbc5b686ed49f8bd8dbf41eb2a6a687f/coverage-7.6.2-cp312-cp312-manylinux_2_17_aarch64.manylinux2014_aarch64.whl", hash = "sha256:8d9c5d13927d77af4fbe453953810db766f75401e764727e73a6ee4f82527b3e", size = 240109 },
    { url = "https://files.pythonhosted.org/packages/d3/18/7c53887643d921faa95529643b1b33e60ebba30ab835c8b5abd4e54d946b/coverage-7.6.2-cp312-cp312-manylinux_2_5_i686.manylinux1_i686.manylinux_2_17_i686.manylinux2014_i686.whl", hash = "sha256:b92f9ca04b3e719d69b02dc4a69debb795af84cb7afd09c5eb5d54b4a1ae2191", size = 237141 },
    { url = "https://files.pythonhosted.org/packages/d2/79/339bdf597d128374e6150c089b37436ba694585d769cabf6d5abd73a1365/coverage-7.6.2-cp312-cp312-manylinux_2_5_x86_64.manylinux1_x86_64.manylinux_2_17_x86_64.manylinux2014_x86_64.whl", hash = "sha256:0ff2ef83d6d0b527b5c9dad73819b24a2f76fdddcfd6c4e7a4d7e73ecb0656b4", size = 239210 },
    { url = "https://files.pythonhosted.org/packages/a9/62/7310c6de2bcb8a42f91094d41f0d4793ccda5a54621be3db76a156556cf2/coverage-7.6.2-cp312-cp312-musllinux_1_2_aarch64.whl", hash = "sha256:47ccb6e99a3031ffbbd6e7cc041e70770b4fe405370c66a54dbf26a500ded80b", size = 238698 },
    { url = "https://files.pythonhosted.org/packages/f2/cb/ccb23c084d7f581f770dc7ed547dc5b50763334ad6ce26087a9ad0b5b26d/coverage-7.6.2-cp312-cp312-musllinux_1_2_i686.whl", hash = "sha256:a867d26f06bcd047ef716175b2696b315cb7571ccb951006d61ca80bbc356e9e", size = 237000 },
    { url = "https://files.pythonhosted.org/packages/e7/ab/58de9e2f94e4dc91b84d6e2705aa1e9d5447a2669fe113b4bbce6d2224a1/coverage-7.6.2-cp312-cp312-musllinux_1_2_x86_64.whl", hash = "sha256:cdfcf2e914e2ba653101157458afd0ad92a16731eeba9a611b5cbb3e7124e74b", size = 238666 },
    { url = "https://files.pythonhosted.org/packages/6c/dc/8be87b9ed5dbd4892b603f41088b41982768e928734e5bdce67d2ddd460a/coverage-7.6.2-cp312-cp312-win32.whl", hash = "sha256:f9035695dadfb397bee9eeaf1dc7fbeda483bf7664a7397a629846800ce6e276", size = 209489 },
    { url = "https://files.pythonhosted.org/packages/64/3a/3f44e55273a58bfb39b87ad76541bbb81d14de916b034fdb39971cc99ffe/coverage-7.6.2-cp312-cp312-win_amd64.whl", hash = "sha256:5ed69befa9a9fc796fe015a7040c9398722d6b97df73a6b608e9e275fa0932b0", size = 210270 },
    { url = "https://files.pythonhosted.org/packages/ae/99/c9676a75b57438a19c5174dfcf39798b42728ad56650497286379dc0c2c3/coverage-7.6.2-cp313-cp313-macosx_10_13_x86_64.whl", hash = "sha256:4eea60c79d36a8f39475b1af887663bc3ae4f31289cd216f514ce18d5938df40", size = 206888 },
    { url = "https://files.pythonhosted.org/packages/e0/de/820ecb42e892049c5f384430e98b35b899da3451dd0cdb2f867baf26abfa/coverage-7.6.2-cp313-cp313-macosx_11_0_arm64.whl", hash = "sha256:aa68a6cdbe1bc6793a9dbfc38302c11599bbe1837392ae9b1d238b9ef3dafcf1", size = 207142 },
    { url = "https://files.pythonhosted.org/packages/dd/59/81fc7ad855d65eeb68fe9e7809cbb339946adb07be7ac32d3fc24dc17bd7/coverage-7.6.2-cp313-cp313-manylinux_2_17_aarch64.manylinux2014_aarch64.whl", hash = "sha256:3ec528ae69f0a139690fad6deac8a7d33629fa61ccce693fdd07ddf7e9931fba", size = 239658 },
    { url = "https://files.pythonhosted.org/packages/cd/a7/865de3eb9e78ffbf7afd92f86d2580b18edfb6f0481bd3c39b205e05a762/coverage-7.6.2-cp313-cp313-manylinux_2_5_i686.manylinux1_i686.manylinux_2_17_i686.manylinux2014_i686.whl", hash = "sha256:ed5ac02126f74d190fa2cc14a9eb2a5d9837d5863920fa472b02eb1595cdc925", size = 236802 },
    { url = "https://files.pythonhosted.org/packages/36/94/3b8f3abf88b7c451f97fd14c98f536bcee364e74250d928d57cc97c38ddd/coverage-7.6.2-cp313-cp313-manylinux_2_5_x86_64.manylinux1_x86_64.manylinux_2_17_x86_64.manylinux2014_x86_64.whl", hash = "sha256:21c0ea0d4db8a36b275cb6fb2437a3715697a4ba3cb7b918d3525cc75f726304", size = 238793 },
    { url = "https://files.pythonhosted.org/packages/d5/4b/57f95e41a10525002f524f3dbd577a3a9871d67998f8a8eb192fe697dc7b/coverage-7.6.2-cp313-cp313-musllinux_1_2_aarch64.whl", hash = "sha256:35a51598f29b2a19e26d0908bd196f771a9b1c5d9a07bf20be0adf28f1ad4f77", size = 238455 },
    { url = "https://files.pythonhosted.org/packages/99/c9/9fbe5b841628e1d9030c8044844afef4f4735586289eb9237eeb5b97f0d7/coverage-7.6.2-cp313-cp313-musllinux_1_2_i686.whl", hash = "sha256:c9192925acc33e146864b8cf037e2ed32a91fdf7644ae875f5d46cd2ef086a5f", size = 236538 },
    { url = "https://files.pythonhosted.org/packages/43/0d/2200a0d447e30de94d48e4851c04d8dce37340815e7eda27457a7043c037/coverage-7.6.2-cp313-cp313-musllinux_1_2_x86_64.whl", hash = "sha256:bf4eeecc9e10f5403ec06138978235af79c9a79af494eb6b1d60a50b49ed2869", size = 238383 },
    { url = "https://files.pythonhosted.org/packages/ec/8a/106c66faafb4a87002b698769d6de3c4db0b6c29a7aeb72de13b893c333e/coverage-7.6.2-cp313-cp313-win32.whl", hash = "sha256:e4ee15b267d2dad3e8759ca441ad450c334f3733304c55210c2a44516e8d5530", size = 209551 },
    { url = "https://files.pythonhosted.org/packages/c4/f5/1b39e2faaf5b9cc7eed568c444df5991ce7ff7138e2e735a6801be1bdadb/coverage-7.6.2-cp313-cp313-win_amd64.whl", hash = "sha256:c71965d1ced48bf97aab79fad56df82c566b4c498ffc09c2094605727c4b7e36", size = 210282 },
    { url = "https://files.pythonhosted.org/packages/79/a3/8dd4e6c09f5286094cd6c7edb115b3fbf06ad8304d45431722a4e3bc2508/coverage-7.6.2-cp313-cp313t-macosx_10_13_x86_64.whl", hash = "sha256:7571e8bbecc6ac066256f9de40365ff833553e2e0c0c004f4482facb131820ef", size = 207629 },
    { url = "https://files.pythonhosted.org/packages/8e/db/a9aa7009bbdc570a235e1ac781c0a83aa323cac6db8f8f13c2127b110978/coverage-7.6.2-cp313-cp313t-macosx_11_0_arm64.whl", hash = "sha256:078a87519057dacb5d77e333f740708ec2a8f768655f1db07f8dfd28d7a005f0", size = 207902 },
    { url = "https://files.pythonhosted.org/packages/54/08/d0962be62d4335599ca2ff3a48bb68c9bfb80df74e28ca689ff5f392087b/coverage-7.6.2-cp313-cp313t-manylinux_2_17_aarch64.manylinux2014_aarch64.whl", hash = "sha256:1e5e92e3e84a8718d2de36cd8387459cba9a4508337b8c5f450ce42b87a9e760", size = 250617 },
    { url = "https://files.pythonhosted.org/packages/a5/a2/158570aff1dd88b661a6c11281cbb190e8696e77798b4b2e47c74bfb2f39/coverage-7.6.2-cp313-cp313t-manylinux_2_5_i686.manylinux1_i686.manylinux_2_17_i686.manylinux2014_i686.whl", hash = "sha256:ebabdf1c76593a09ee18c1a06cd3022919861365219ea3aca0247ededf6facd6", size = 246334 },
    { url = "https://files.pythonhosted.org/packages/aa/fe/b00428cca325b6585ca77422e4f64d7d86a225b14664b98682ea501efb57/coverage-7.6.2-cp313-cp313t-manylinux_2_5_x86_64.manylinux1_x86_64.manylinux_2_17_x86_64.manylinux2014_x86_64.whl", hash = "sha256:12179eb0575b8900912711688e45474f04ab3934aaa7b624dea7b3c511ecc90f", size = 248692 },
    { url = "https://files.pythonhosted.org/packages/30/21/0a15fefc13039450bc45e7159f3add92489f004555eb7dab9c7ad4365dd0/coverage-7.6.2-cp313-cp313t-musllinux_1_2_aarch64.whl", hash = "sha256:39d3b964abfe1519b9d313ab28abf1d02faea26cd14b27f5283849bf59479ff5", size = 248188 },
    { url = "https://files.pythonhosted.org/packages/de/b8/5c093526046a8450a7a3d62ad09517cf38e638f6b3ee9433dd6a73360501/coverage-7.6.2-cp313-cp313t-musllinux_1_2_i686.whl", hash = "sha256:84c4315577f7cd511d6250ffd0f695c825efe729f4205c0340f7004eda51191f", size = 246072 },
    { url = "https://files.pythonhosted.org/packages/1e/8b/542b607d2cff56e5a90a6948f5a9040b693761d2be2d3c3bf88957b02361/coverage-7.6.2-cp313-cp313t-musllinux_1_2_x86_64.whl", hash = "sha256:ff797320dcbff57caa6b2301c3913784a010e13b1f6cf4ab3f563f3c5e7919db", size = 247354 },
    { url = "https://files.pythonhosted.org/packages/95/82/2e9111aa5e59f42b332d387f64e3205c2263518d1e660154d0c9fc54390e/coverage-7.6.2-cp313-cp313t-win32.whl", hash = "sha256:2b636a301e53964550e2f3094484fa5a96e699db318d65398cfba438c5c92171", size = 210194 },
    { url = "https://files.pythonhosted.org/packages/9d/46/aabe4305cfc57cab4865f788ceceef746c422469720c32ed7a5b44e20f5e/coverage-7.6.2-cp313-cp313t-win_amd64.whl", hash = "sha256:d03a060ac1a08e10589c27d509bbdb35b65f2d7f3f8d81cf2fa199877c7bc58a", size = 211346 },
]
